
Microsoft Visual Studio Solution File, Format Version 12.00
# Visual Studio Version 17
VisualStudioVersion = 17.10.35027.167
MinimumVisualStudioVersion = 10.0.40219.1
Project("{FAE04EC0-301F-11D3-BF4B-00C04F79EFBC}") = "SistemaInventario", "SistemaInventario\SistemaInventario.csproj", "{AF31009E-9B81-41F8-91EC-E98762D1CD4A}"
EndProject
Global
	GlobalSection(SolutionConfigurationPlatforms) = preSolution
		Debug|Any CPU = Debug|Any CPU
		Release|Any CPU = Release|Any CPU
	EndGlobalSection
	GlobalSection(ProjectConfigurationPlatforms) = postSolution
		{AF31009E-9B81-41F8-91EC-E98762D1CD4A}.Debug|Any CPU.ActiveCfg = Debug|Any CPU
		{AF31009E-9B81-41F8-91EC-E98762D1CD4A}.Debug|Any CPU.Build.0 = Debug|Any CPU
		{AF31009E-9B81-41F8-91EC-E98762D1CD4A}.Release|Any CPU.ActiveCfg = Release|Any CPU
		{AF31009E-9B81-41F8-91EC-E98762D1CD4A}.Release|Any CPU.Build.0 = Release|Any CPU
	EndGlobalSection
	GlobalSection(SolutionProperties) = preSolution
		HideSolutionNode = FALSE
	EndGlobalSection
	GlobalSection(ExtensibilityGlobals) = postSolution
		SolutionGuid = {D5E1908E-7CA5-487B-8B96-7F7A09343492}
	EndGlobalSection
EndGlobal
